
Microsoft Visual Studio Solution File, Format Version 12.00
# Visual Studio Version 17
VisualStudioVersion = 17.2.32616.157
MinimumVisualStudioVersion = 10.0.40219.1
Project("{2150E333-8FDC-42A3-9474-1A3956D46DE8}") = "Gateway", "Gateway", "{505363A0-D611-491E-AAC8-B4311E4E68C4}"
EndProject
Project("{2150E333-8FDC-42A3-9474-1A3956D46DE8}") = "Services", "Services", "{8204DFEE-0F07-4A4D-90FD-DF49E808ADBB}"
EndProject
Project("{2150E333-8FDC-42A3-9474-1A3956D46DE8}") = "Account", "Account", "{619AA5DB-1B05-4B48-88D7-E5EF8F6971C0}"
EndProject
Project("{2150E333-8FDC-42A3-9474-1A3956D46DE8}") = "Store", "Store", "{116FB06F-B524-4EC5-8A3A-34DC248A89B4}"
EndProject
Project("{9A19103F-16F7-4668-BE54-9A1E7A4F7556}") = "Micro.Services.Account", "Services\Account\Micro.Services.Account\Micro.Services.Account.csproj", "{17D01DD6-B2FA-4049-86ED-5AD54A341A3D}"
EndProject
Project("{2150E333-8FDC-42A3-9474-1A3956D46DE8}") = "ACC", "ACC", "{9EFB9B3C-EB4F-4C6F-832F-67716A9DADF7}"
EndProject
Project("{9A19103F-16F7-4668-BE54-9A1E7A4F7556}") = "Micro.Services.ACC", "Services\ACC\Micro.Services.ACC\Micro.Services.ACC.csproj", "{3AD2EA82-0597-45CD-97D3-788E60390DB1}"
EndProject
Project("{9A19103F-16F7-4668-BE54-9A1E7A4F7556}") = "Micro.Services.ACC.XUnit", "Services\ACC\Micro.Services.ACC.XUnit\Micro.Services.ACC.XUnit.csproj", "{7F08B0A4-6513-44A7-B4E0-C81B386D68FF}"
EndProject
Project("{9A19103F-16F7-4668-BE54-9A1E7A4F7556}") = "Micro.Services.Account.XUnit", "Services\Account\Micro.Services.Account.XUnit\Micro.Services.Account.XUnit.csproj", "{79814447-C8CC-4652-9AA7-236742800251}"
EndProject
Project("{9A19103F-16F7-4668-BE54-9A1E7A4F7556}") = "Micro.Gateway", "Gateway\Micro.Gateway\Micro.Gateway.csproj", "{71F1755D-BCE8-44F3-B5CE-01985D484CC9}"
EndProject
Project("{2150E333-8FDC-42A3-9474-1A3956D46DE8}") = "Applications", "Applications", "{5D8D6E47-3DC8-4618-B0CF-1BAD36460A2C}"
EndProject
Project("{2150E333-8FDC-42A3-9474-1A3956D46DE8}") = "CP", "CP", "{76607B7E-2280-4BF8-B397-DFF01F5CE260}"
EndProject
Project("{9A19103F-16F7-4668-BE54-9A1E7A4F7556}") = "Micro.Services.Store", "Services\Store\Micro.Services.Store\Micro.Services.Store.csproj", "{DE5BB12F-932C-4FE6-A16E-6D83BF46BE29}"
EndProject
Project("{9A19103F-16F7-4668-BE54-9A1E7A4F7556}") = "ACC.Micro.Applications.Panel", "Applications\CP\ACC.Micro.Applications.Panel\ACC.Micro.Applications.Panel.csproj", "{79217824-CECE-415A-9330-7F09EB456D45}"
EndProject
Project("{2150E333-8FDC-42A3-9474-1A3956D46DE8}") = "Bus", "Bus", "{94298584-B271-46CE-AF17-AEB1D8A2507C}"
EndProject
Project("{9A19103F-16F7-4668-BE54-9A1E7A4F7556}") = "Account.Application", "Services\Account\Account.Application\Account.Application.csproj", "{428DB345-2B89-47B5-8069-3D577E57EAF7}"
EndProject
Project("{9A19103F-16F7-4668-BE54-9A1E7A4F7556}") = "Account.Domain", "Services\Account\Account.Domain\Account.Domain.csproj", "{DDC8BD39-6B50-4507-AE47-4303F03D667E}"
EndProject
Project("{9A19103F-16F7-4668-BE54-9A1E7A4F7556}") = "Account.Infrastructure", "Services\Account\Account.Infrastructure\Account.Infrastructure.csproj", "{B218A49B-F74E-4CE9-8824-42FAF2EA852C}"
EndProject
Project("{9A19103F-16F7-4668-BE54-9A1E7A4F7556}") = "Store.Domain", "Services\Store\Store.Domain\Store.Domain.csproj", "{6FD141FE-BBB1-46D5-89A5-3F664574C3AB}"
EndProject
Project("{9A19103F-16F7-4668-BE54-9A1E7A4F7556}") = "Store.Application", "Services\Store\Store.Application\Store.Application.csproj", "{B5F5A4FB-E195-4003-BC3A-7015424D931E}"
EndProject
Project("{9A19103F-16F7-4668-BE54-9A1E7A4F7556}") = "Store.Infrastructure", "Services\Store\Store.Infrastructure\Store.Infrastructure.csproj", "{1528A21B-7604-49BA-9E80-7ABDBC814A01}"
EndProject
Project("{9A19103F-16F7-4668-BE54-9A1E7A4F7556}") = "Micro.Services.Store.Xunit", "Services\Store\Micro.Services.Store.Xunit\Micro.Services.Store.Xunit.csproj", "{D78C1E49-8DD1-4102-AEB8-88921602DA5F}"
EndProject
Project("{9A19103F-16F7-4668-BE54-9A1E7A4F7556}") = "ACC.Bus.Common", "Bus\ACC.Bus.Common\ACC.Bus.Common.csproj", "{5048DC70-D831-4008-9F91-5D54B33962D4}"
EndProject
Project("{E53339B2-1760-4266-BCC7-CA923CBCF16C}") = "docker-compose", "docker-compose.dcproj", "{EB501347-C097-49B4-A39D-1482E4F344ED}"
EndProject
Project("{2150E333-8FDC-42A3-9474-1A3956D46DE8}") = "GRPC", "GRPC", "{6959CA20-A443-4A3C-A15A-B9E42207F850}"
EndProject
Project("{FAE04EC0-301F-11D3-BF4B-00C04F79EFBC}") = "GrpcService", "Services\GRPC\GrpcService\GrpcService.csproj", "{9136467D-B9BF-4079-87E2-CCAFD521DB14}"
EndProject
Global
	GlobalSection(SolutionConfigurationPlatforms) = preSolution
		Debug|Any CPU = Debug|Any CPU
		Debug|x64 = Debug|x64
		Release|Any CPU = Release|Any CPU
		Release|x64 = Release|x64
	EndGlobalSection
	GlobalSection(ProjectConfigurationPlatforms) = postSolution
		{17D01DD6-B2FA-4049-86ED-5AD54A341A3D}.Debug|Any CPU.ActiveCfg = Debug|Any CPU
		{17D01DD6-B2FA-4049-86ED-5AD54A341A3D}.Debug|Any CPU.Build.0 = Debug|Any CPU
		{17D01DD6-B2FA-4049-86ED-5AD54A341A3D}.Debug|x64.ActiveCfg = Debug|Any CPU
		{17D01DD6-B2FA-4049-86ED-5AD54A341A3D}.Debug|x64.Build.0 = Debug|Any CPU
		{17D01DD6-B2FA-4049-86ED-5AD54A341A3D}.Release|Any CPU.ActiveCfg = Release|Any CPU
		{17D01DD6-B2FA-4049-86ED-5AD54A341A3D}.Release|Any CPU.Build.0 = Release|Any CPU
		{17D01DD6-B2FA-4049-86ED-5AD54A341A3D}.Release|x64.ActiveCfg = Release|Any CPU
		{17D01DD6-B2FA-4049-86ED-5AD54A341A3D}.Release|x64.Build.0 = Release|Any CPU
		{3AD2EA82-0597-45CD-97D3-788E60390DB1}.Debug|Any CPU.ActiveCfg = Debug|Any CPU
		{3AD2EA82-0597-45CD-97D3-788E60390DB1}.Debug|Any CPU.Build.0 = Debug|Any CPU
		{3AD2EA82-0597-45CD-97D3-788E60390DB1}.Debug|x64.ActiveCfg = Debug|Any CPU
		{3AD2EA82-0597-45CD-97D3-788E60390DB1}.Debug|x64.Build.0 = Debug|Any CPU
		{3AD2EA82-0597-45CD-97D3-788E60390DB1}.Release|Any CPU.ActiveCfg = Release|Any CPU
		{3AD2EA82-0597-45CD-97D3-788E60390DB1}.Release|Any CPU.Build.0 = Release|Any CPU
		{3AD2EA82-0597-45CD-97D3-788E60390DB1}.Release|x64.ActiveCfg = Release|Any CPU
		{3AD2EA82-0597-45CD-97D3-788E60390DB1}.Release|x64.Build.0 = Release|Any CPU
		{7F08B0A4-6513-44A7-B4E0-C81B386D68FF}.Debug|Any CPU.ActiveCfg = Debug|Any CPU
		{7F08B0A4-6513-44A7-B4E0-C81B386D68FF}.Debug|Any CPU.Build.0 = Debug|Any CPU
		{7F08B0A4-6513-44A7-B4E0-C81B386D68FF}.Debug|x64.ActiveCfg = Debug|Any CPU
		{7F08B0A4-6513-44A7-B4E0-C81B386D68FF}.Debug|x64.Build.0 = Debug|Any CPU
		{7F08B0A4-6513-44A7-B4E0-C81B386D68FF}.Release|Any CPU.ActiveCfg = Release|Any CPU
		{7F08B0A4-6513-44A7-B4E0-C81B386D68FF}.Release|Any CPU.Build.0 = Release|Any CPU
		{7F08B0A4-6513-44A7-B4E0-C81B386D68FF}.Release|x64.ActiveCfg = Release|Any CPU
		{7F08B0A4-6513-44A7-B4E0-C81B386D68FF}.Release|x64.Build.0 = Release|Any CPU
		{79814447-C8CC-4652-9AA7-236742800251}.Debug|Any CPU.ActiveCfg = Debug|Any CPU
		{79814447-C8CC-4652-9AA7-236742800251}.Debug|Any CPU.Build.0 = Debug|Any CPU
		{79814447-C8CC-4652-9AA7-236742800251}.Debug|x64.ActiveCfg = Debug|Any CPU
		{79814447-C8CC-4652-9AA7-236742800251}.Debug|x64.Build.0 = Debug|Any CPU
		{79814447-C8CC-4652-9AA7-236742800251}.Release|Any CPU.ActiveCfg = Release|Any CPU
		{79814447-C8CC-4652-9AA7-236742800251}.Release|Any CPU.Build.0 = Release|Any CPU
		{79814447-C8CC-4652-9AA7-236742800251}.Release|x64.ActiveCfg = Release|Any CPU
		{79814447-C8CC-4652-9AA7-236742800251}.Release|x64.Build.0 = Release|Any CPU
		{71F1755D-BCE8-44F3-B5CE-01985D484CC9}.Debug|Any CPU.ActiveCfg = Debug|Any CPU
		{71F1755D-BCE8-44F3-B5CE-01985D484CC9}.Debug|Any CPU.Build.0 = Debug|Any CPU
		{71F1755D-BCE8-44F3-B5CE-01985D484CC9}.Debug|x64.ActiveCfg = Debug|Any CPU
		{71F1755D-BCE8-44F3-B5CE-01985D484CC9}.Debug|x64.Build.0 = Debug|Any CPU
		{71F1755D-BCE8-44F3-B5CE-01985D484CC9}.Release|Any CPU.ActiveCfg = Release|Any CPU
		{71F1755D-BCE8-44F3-B5CE-01985D484CC9}.Release|Any CPU.Build.0 = Release|Any CPU
		{71F1755D-BCE8-44F3-B5CE-01985D484CC9}.Release|x64.ActiveCfg = Release|Any CPU
		{71F1755D-BCE8-44F3-B5CE-01985D484CC9}.Release|x64.Build.0 = Release|Any CPU
		{DE5BB12F-932C-4FE6-A16E-6D83BF46BE29}.Debug|Any CPU.ActiveCfg = Debug|Any CPU
		{DE5BB12F-932C-4FE6-A16E-6D83BF46BE29}.Debug|Any CPU.Build.0 = Debug|Any CPU
		{DE5BB12F-932C-4FE6-A16E-6D83BF46BE29}.Debug|x64.ActiveCfg = Debug|Any CPU
		{DE5BB12F-932C-4FE6-A16E-6D83BF46BE29}.Debug|x64.Build.0 = Debug|Any CPU
		{DE5BB12F-932C-4FE6-A16E-6D83BF46BE29}.Release|Any CPU.ActiveCfg = Release|Any CPU
		{DE5BB12F-932C-4FE6-A16E-6D83BF46BE29}.Release|Any CPU.Build.0 = Release|Any CPU
		{DE5BB12F-932C-4FE6-A16E-6D83BF46BE29}.Release|x64.ActiveCfg = Release|Any CPU
		{DE5BB12F-932C-4FE6-A16E-6D83BF46BE29}.Release|x64.Build.0 = Release|Any CPU
		{79217824-CECE-415A-9330-7F09EB456D45}.Debug|Any CPU.ActiveCfg = Debug|Any CPU
		{79217824-CECE-415A-9330-7F09EB456D45}.Debug|Any CPU.Build.0 = Debug|Any CPU
		{79217824-CECE-415A-9330-7F09EB456D45}.Debug|x64.ActiveCfg = Debug|Any CPU
		{79217824-CECE-415A-9330-7F09EB456D45}.Debug|x64.Build.0 = Debug|Any CPU
		{79217824-CECE-415A-9330-7F09EB456D45}.Release|Any CPU.ActiveCfg = Release|Any CPU
		{79217824-CECE-415A-9330-7F09EB456D45}.Release|Any CPU.Build.0 = Release|Any CPU
		{79217824-CECE-415A-9330-7F09EB456D45}.Release|x64.ActiveCfg = Release|Any CPU
		{79217824-CECE-415A-9330-7F09EB456D45}.Release|x64.Build.0 = Release|Any CPU
		{428DB345-2B89-47B5-8069-3D577E57EAF7}.Debug|Any CPU.ActiveCfg = Debug|Any CPU
		{428DB345-2B89-47B5-8069-3D577E57EAF7}.Debug|Any CPU.Build.0 = Debug|Any CPU
		{428DB345-2B89-47B5-8069-3D577E57EAF7}.Debug|x64.ActiveCfg = Debug|Any CPU
		{428DB345-2B89-47B5-8069-3D577E57EAF7}.Debug|x64.Build.0 = Debug|Any CPU
		{428DB345-2B89-47B5-8069-3D577E57EAF7}.Release|Any CPU.ActiveCfg = Release|Any CPU
		{428DB345-2B89-47B5-8069-3D577E57EAF7}.Release|Any CPU.Build.0 = Release|Any CPU
		{428DB345-2B89-47B5-8069-3D577E57EAF7}.Release|x64.ActiveCfg = Release|Any CPU
		{428DB345-2B89-47B5-8069-3D577E57EAF7}.Release|x64.Build.0 = Release|Any CPU
		{DDC8BD39-6B50-4507-AE47-4303F03D667E}.Debug|Any CPU.ActiveCfg = Debug|Any CPU
		{DDC8BD39-6B50-4507-AE47-4303F03D667E}.Debug|Any CPU.Build.0 = Debug|Any CPU
		{DDC8BD39-6B50-4507-AE47-4303F03D667E}.Debug|x64.ActiveCfg = Debug|Any CPU
		{DDC8BD39-6B50-4507-AE47-4303F03D667E}.Debug|x64.Build.0 = Debug|Any CPU
		{DDC8BD39-6B50-4507-AE47-4303F03D667E}.Release|Any CPU.ActiveCfg = Release|Any CPU
		{DDC8BD39-6B50-4507-AE47-4303F03D667E}.Release|Any CPU.Build.0 = Release|Any CPU
		{DDC8BD39-6B50-4507-AE47-4303F03D667E}.Release|x64.ActiveCfg = Release|Any CPU
		{DDC8BD39-6B50-4507-AE47-4303F03D667E}.Release|x64.Build.0 = Release|Any CPU
		{B218A49B-F74E-4CE9-8824-42FAF2EA852C}.Debug|Any CPU.ActiveCfg = Debug|Any CPU
		{B218A49B-F74E-4CE9-8824-42FAF2EA852C}.Debug|Any CPU.Build.0 = Debug|Any CPU
		{B218A49B-F74E-4CE9-8824-42FAF2EA852C}.Debug|x64.ActiveCfg = Debug|Any CPU
		{B218A49B-F74E-4CE9-8824-42FAF2EA852C}.Debug|x64.Build.0 = Debug|Any CPU
		{B218A49B-F74E-4CE9-8824-42FAF2EA852C}.Release|Any CPU.ActiveCfg = Release|Any CPU
		{B218A49B-F74E-4CE9-8824-42FAF2EA852C}.Release|Any CPU.Build.0 = Release|Any CPU
		{B218A49B-F74E-4CE9-8824-42FAF2EA852C}.Release|x64.ActiveCfg = Release|Any CPU
		{B218A49B-F74E-4CE9-8824-42FAF2EA852C}.Release|x64.Build.0 = Release|Any CPU
		{6FD141FE-BBB1-46D5-89A5-3F664574C3AB}.Debug|Any CPU.ActiveCfg = Debug|Any CPU
		{6FD141FE-BBB1-46D5-89A5-3F664574C3AB}.Debug|Any CPU.Build.0 = Debug|Any CPU
		{6FD141FE-BBB1-46D5-89A5-3F664574C3AB}.Debug|x64.ActiveCfg = Debug|Any CPU
		{6FD141FE-BBB1-46D5-89A5-3F664574C3AB}.Debug|x64.Build.0 = Debug|Any CPU
		{6FD141FE-BBB1-46D5-89A5-3F664574C3AB}.Release|Any CPU.ActiveCfg = Release|Any CPU
		{6FD141FE-BBB1-46D5-89A5-3F664574C3AB}.Release|Any CPU.Build.0 = Release|Any CPU
		{6FD141FE-BBB1-46D5-89A5-3F664574C3AB}.Release|x64.ActiveCfg = Release|Any CPU
		{6FD141FE-BBB1-46D5-89A5-3F664574C3AB}.Release|x64.Build.0 = Release|Any CPU
		{B5F5A4FB-E195-4003-BC3A-7015424D931E}.Debug|Any CPU.ActiveCfg = Debug|Any CPU
		{B5F5A4FB-E195-4003-BC3A-7015424D931E}.Debug|Any CPU.Build.0 = Debug|Any CPU
		{B5F5A4FB-E195-4003-BC3A-7015424D931E}.Debug|x64.ActiveCfg = Debug|Any CPU
		{B5F5A4FB-E195-4003-BC3A-7015424D931E}.Debug|x64.Build.0 = Debug|Any CPU
		{B5F5A4FB-E195-4003-BC3A-7015424D931E}.Release|Any CPU.ActiveCfg = Release|Any CPU
		{B5F5A4FB-E195-4003-BC3A-7015424D931E}.Release|Any CPU.Build.0 = Release|Any CPU
		{B5F5A4FB-E195-4003-BC3A-7015424D931E}.Release|x64.ActiveCfg = Release|Any CPU
		{B5F5A4FB-E195-4003-BC3A-7015424D931E}.Release|x64.Build.0 = Release|Any CPU
		{1528A21B-7604-49BA-9E80-7ABDBC814A01}.Debug|Any CPU.ActiveCfg = Debug|Any CPU
		{1528A21B-7604-49BA-9E80-7ABDBC814A01}.Debug|Any CPU.Build.0 = Debug|Any CPU
		{1528A21B-7604-49BA-9E80-7ABDBC814A01}.Debug|x64.ActiveCfg = Debug|Any CPU
		{1528A21B-7604-49BA-9E80-7ABDBC814A01}.Debug|x64.Build.0 = Debug|Any CPU
		{1528A21B-7604-49BA-9E80-7ABDBC814A01}.Release|Any CPU.ActiveCfg = Release|Any CPU
		{1528A21B-7604-49BA-9E80-7ABDBC814A01}.Release|Any CPU.Build.0 = Release|Any CPU
		{1528A21B-7604-49BA-9E80-7ABDBC814A01}.Release|x64.ActiveCfg = Release|Any CPU
		{1528A21B-7604-49BA-9E80-7ABDBC814A01}.Release|x64.Build.0 = Release|Any CPU
		{D78C1E49-8DD1-4102-AEB8-88921602DA5F}.Debug|Any CPU.ActiveCfg = Debug|Any CPU
		{D78C1E49-8DD1-4102-AEB8-88921602DA5F}.Debug|Any CPU.Build.0 = Debug|Any CPU
		{D78C1E49-8DD1-4102-AEB8-88921602DA5F}.Debug|x64.ActiveCfg = Debug|Any CPU
		{D78C1E49-8DD1-4102-AEB8-88921602DA5F}.Debug|x64.Build.0 = Debug|Any CPU
		{D78C1E49-8DD1-4102-AEB8-88921602DA5F}.Release|Any CPU.ActiveCfg = Release|Any CPU
		{D78C1E49-8DD1-4102-AEB8-88921602DA5F}.Release|Any CPU.Build.0 = Release|Any CPU
		{D78C1E49-8DD1-4102-AEB8-88921602DA5F}.Release|x64.ActiveCfg = Release|Any CPU
		{D78C1E49-8DD1-4102-AEB8-88921602DA5F}.Release|x64.Build.0 = Release|Any CPU
		{5048DC70-D831-4008-9F91-5D54B33962D4}.Debug|Any CPU.ActiveCfg = Debug|Any CPU
		{5048DC70-D831-4008-9F91-5D54B33962D4}.Debug|Any CPU.Build.0 = Debug|Any CPU
		{5048DC70-D831-4008-9F91-5D54B33962D4}.Debug|x64.ActiveCfg = Debug|Any CPU
		{5048DC70-D831-4008-9F91-5D54B33962D4}.Debug|x64.Build.0 = Debug|Any CPU
		{5048DC70-D831-4008-9F91-5D54B33962D4}.Release|Any CPU.ActiveCfg = Release|Any CPU
		{5048DC70-D831-4008-9F91-5D54B33962D4}.Release|Any CPU.Build.0 = Release|Any CPU
		{5048DC70-D831-4008-9F91-5D54B33962D4}.Release|x64.ActiveCfg = Release|Any CPU
		{5048DC70-D831-4008-9F91-5D54B33962D4}.Release|x64.Build.0 = Release|Any CPU
		{EB501347-C097-49B4-A39D-1482E4F344ED}.Debug|Any CPU.ActiveCfg = Debug|Any CPU
		{EB501347-C097-49B4-A39D-1482E4F344ED}.Debug|Any CPU.Build.0 = Debug|Any CPU
		{EB501347-C097-49B4-A39D-1482E4F344ED}.Debug|x64.ActiveCfg = Debug|Any CPU
		{EB501347-C097-49B4-A39D-1482E4F344ED}.Debug|x64.Build.0 = Debug|Any CPU
		{EB501347-C097-49B4-A39D-1482E4F344ED}.Release|Any CPU.ActiveCfg = Release|Any CPU
		{EB501347-C097-49B4-A39D-1482E4F344ED}.Release|Any CPU.Build.0 = Release|Any CPU
		{EB501347-C097-49B4-A39D-1482E4F344ED}.Release|x64.ActiveCfg = Release|Any CPU
		{EB501347-C097-49B4-A39D-1482E4F344ED}.Release|x64.Build.0 = Release|Any CPU
		{9136467D-B9BF-4079-87E2-CCAFD521DB14}.Debug|Any CPU.ActiveCfg = Debug|Any CPU
		{9136467D-B9BF-4079-87E2-CCAFD521DB14}.Debug|Any CPU.Build.0 = Debug|Any CPU
		{9136467D-B9BF-4079-87E2-CCAFD521DB14}.Debug|x64.ActiveCfg = Debug|Any CPU
		{9136467D-B9BF-4079-87E2-CCAFD521DB14}.Debug|x64.Build.0 = Debug|Any CPU
		{9136467D-B9BF-4079-87E2-CCAFD521DB14}.Release|Any CPU.ActiveCfg = Release|Any CPU
		{9136467D-B9BF-4079-87E2-CCAFD521DB14}.Release|Any CPU.Build.0 = Release|Any CPU
		{9136467D-B9BF-4079-87E2-CCAFD521DB14}.Release|x64.ActiveCfg = Release|Any CPU
		{9136467D-B9BF-4079-87E2-CCAFD521DB14}.Release|x64.Build.0 = Release|Any CPU
	EndGlobalSection
	GlobalSection(SolutionProperties) = preSolution
		HideSolutionNode = FALSE
	EndGlobalSection
	GlobalSection(NestedProjects) = preSolution
		{619AA5DB-1B05-4B48-88D7-E5EF8F6971C0} = {8204DFEE-0F07-4A4D-90FD-DF49E808ADBB}
		{116FB06F-B524-4EC5-8A3A-34DC248A89B4} = {8204DFEE-0F07-4A4D-90FD-DF49E808ADBB}
		{17D01DD6-B2FA-4049-86ED-5AD54A341A3D} = {619AA5DB-1B05-4B48-88D7-E5EF8F6971C0}
		{9EFB9B3C-EB4F-4C6F-832F-67716A9DADF7} = {8204DFEE-0F07-4A4D-90FD-DF49E808ADBB}
		{3AD2EA82-0597-45CD-97D3-788E60390DB1} = {9EFB9B3C-EB4F-4C6F-832F-67716A9DADF7}
		{7F08B0A4-6513-44A7-B4E0-C81B386D68FF} = {9EFB9B3C-EB4F-4C6F-832F-67716A9DADF7}
		{79814447-C8CC-4652-9AA7-236742800251} = {619AA5DB-1B05-4B48-88D7-E5EF8F6971C0}
		{71F1755D-BCE8-44F3-B5CE-01985D484CC9} = {505363A0-D611-491E-AAC8-B4311E4E68C4}
		{76607B7E-2280-4BF8-B397-DFF01F5CE260} = {5D8D6E47-3DC8-4618-B0CF-1BAD36460A2C}
		{DE5BB12F-932C-4FE6-A16E-6D83BF46BE29} = {116FB06F-B524-4EC5-8A3A-34DC248A89B4}
		{79217824-CECE-415A-9330-7F09EB456D45} = {76607B7E-2280-4BF8-B397-DFF01F5CE260}
		{428DB345-2B89-47B5-8069-3D577E57EAF7} = {619AA5DB-1B05-4B48-88D7-E5EF8F6971C0}
		{DDC8BD39-6B50-4507-AE47-4303F03D667E} = {619AA5DB-1B05-4B48-88D7-E5EF8F6971C0}
		{B218A49B-F74E-4CE9-8824-42FAF2EA852C} = {619AA5DB-1B05-4B48-88D7-E5EF8F6971C0}
		{6FD141FE-BBB1-46D5-89A5-3F664574C3AB} = {116FB06F-B524-4EC5-8A3A-34DC248A89B4}
		{B5F5A4FB-E195-4003-BC3A-7015424D931E} = {116FB06F-B524-4EC5-8A3A-34DC248A89B4}
		{1528A21B-7604-49BA-9E80-7ABDBC814A01} = {116FB06F-B524-4EC5-8A3A-34DC248A89B4}
		{D78C1E49-8DD1-4102-AEB8-88921602DA5F} = {116FB06F-B524-4EC5-8A3A-34DC248A89B4}
		{5048DC70-D831-4008-9F91-5D54B33962D4} = {94298584-B271-46CE-AF17-AEB1D8A2507C}
		{6959CA20-A443-4A3C-A15A-B9E42207F850} = {8204DFEE-0F07-4A4D-90FD-DF49E808ADBB}
		{9136467D-B9BF-4079-87E2-CCAFD521DB14} = {6959CA20-A443-4A3C-A15A-B9E42207F850}
	EndGlobalSection
	GlobalSection(ExtensibilityGlobals) = postSolution
		SolutionGuid = {5FA53B46-EEED-4BCE-BBD7-69E2474E86B5}
	EndGlobalSection
EndGlobal
